<?xml version="1.0" encoding="UTF-8" standalone="yes" ?>
<CodeBlocks_project_file>
	<FileVersion major="1" minor="6" />
	<Project>
		<Option title="tank1990" />
		<Option pch_mode="2" />
		<Option compiler="gcc" />
		<Build>
			<Target title="Debug">
				<Option output="bin/Debug/tank1990" prefix_auto="1" extension_auto="1" />
				<Option object_output="obj/Debug/" />
				<Option type="1" />
				<Option compiler="gcc" />
				<Compiler>
					<Add option="-g" />
				</Compiler>
			</Target>
			<Target title="Release">
				<Option output="bin/Release/tank1990" prefix_auto="1" extension_auto="1" />
				<Option object_output="obj/Release/" />
				<Option type="1" />
				<Option compiler="gcc" />
				<Compiler>
					<Add option="-O2" />
				</Compiler>
				<Linker>
					<Add option="-s" />
				</Linker>
			</Target>
		</Build>
		<Compiler>
			<Add option="-Wall" />
		</Compiler>
		<Unit filename="appstate.h" />
		<Unit filename="bonus.cpp" />
		<Unit filename="bonus.h" />
		<Unit filename="brick.cpp" />
		<Unit filename="brick.h" />
		<Unit filename="bullet.cpp" />
		<Unit filename="bullet.h" />
		<Unit filename="eagle.cpp" />
		<Unit filename="eagle.h" />
		<Unit filename="enemy.cpp" />
		<Unit filename="enemy.h" />
		<Unit filename="game.cpp" />
		<Unit filename="game.h" />
		<Unit filename="gameconfig.cpp" />
		<Unit filename="gameconfig.h" />
		<Unit filename="main.cpp" />
		<Unit filename="main.h" />
		<Unit filename="menu.cpp" />
		<Unit filename="menu.h" />
		<Unit filename="object.cpp" />
		<Unit filename="object.h" />
		<Unit filename="player.cpp" />
		<Unit filename="player.h" />
		<Unit filename="playing.cpp" />
		<Unit filename="playing.h" />
		<Unit filename="renderer.cpp" />
		<Unit filename="renderer.h" />
		<Unit filename="scores.cpp" />
		<Unit filename="scores.h" />
		<Unit filename="tank.cpp" />
		<Unit filename="tank.h" />
		<Extensions>
			<lib_finder disable_auto="1" />
		</Extensions>
	</Project>
</CodeBlocks_project_file>
